
Microsoft Visual Studio Solution File, Format Version 12.00
# Visual Studio Version 16
VisualStudioVersion = 16.0.30309.148
MinimumVisualStudioVersion = 10.0.40219.1
Project("{888888A0-9F3D-457C-B088-3A5042F75D52}") = "1csv_read_with_simple_parsing_and_write", "1csv_read_with_simple_parsing_and_write\1csv_read_with_simple_parsing_and_write.pyproj", "{91B173BF-E0AA-4FA3-A5B8-1CA2D03A9D1A}"
EndProject
Global
	GlobalSection(SolutionConfigurationPlatforms) = preSolution
		Debug|Any CPU = Debug|Any CPU
		Release|Any CPU = Release|Any CPU
	EndGlobalSection
	GlobalSection(ProjectConfigurationPlatforms) = postSolution
		{91B173BF-E0AA-4FA3-A5B8-1CA2D03A9D1A}.Debug|Any CPU.ActiveCfg = Debug|Any CPU
		{91B173BF-E0AA-4FA3-A5B8-1CA2D03A9D1A}.Release|Any CPU.ActiveCfg = Release|Any CPU
	EndGlobalSection
	GlobalSection(SolutionProperties) = preSolution
		HideSolutionNode = FALSE
	EndGlobalSection
	GlobalSection(ExtensibilityGlobals) = postSolution
		SolutionGuid = {9AD29FE4-49DE-461A-985B-B7440905FCC4}
	EndGlobalSection
EndGlobal
